
Microsoft Visual Studio Solution File, Format Version 12.00
# Visual Studio Version 16
VisualStudioVersion = 16.0.31702.278
MinimumVisualStudioVersion = 10.0.40219.1
Project("{FAE04EC0-301F-11D3-BF4B-00C04F79EFBC}") = "app", "app\app.csproj", "{B414D6A0-98F9-4A86-9FF4-36972B3ED8FE}"
EndProject
Global
	GlobalSection(SolutionConfigurationPlatforms) = preSolution
		Debug|Any CPU = Debug|Any CPU
		Release|Any CPU = Release|Any CPU
	EndGlobalSection
	GlobalSection(ProjectConfigurationPlatforms) = postSolution
		{B414D6A0-98F9-4A86-9FF4-36972B3ED8FE}.Debug|Any CPU.ActiveCfg = Debug|Any CPU
		{B414D6A0-98F9-4A86-9FF4-36972B3ED8FE}.Debug|Any CPU.Build.0 = Debug|Any CPU
		{B414D6A0-98F9-4A86-9FF4-36972B3ED8FE}.Release|Any CPU.ActiveCfg = Release|Any CPU
		{B414D6A0-98F9-4A86-9FF4-36972B3ED8FE}.Release|Any CPU.Build.0 = Release|Any CPU
	EndGlobalSection
	GlobalSection(SolutionProperties) = preSolution
		HideSolutionNode = FALSE
	EndGlobalSection
	GlobalSection(ExtensibilityGlobals) = postSolution
		SolutionGuid = {041BD21E-8D57-4737-91DA-0C6F19CE0058}
	EndGlobalSection
EndGlobal
